{
  "name": "rpi-deploy",
  "version": "0.17.1",
  "lockfileVersion": 3,
  "requires": true,
  "packages": {
    "": {
      "name": "rpi-deploy",
      "version": "0.17.1",
      "hasInstallScript": true,
      "license": "MIT",
      "os": [
        "linux",
        "darwin",
        "win32"
      ],
      "bin": {
        "rpi": "bin/rpi.js"
      },
      "engines": {
        "node": ">=18"
      }
    }
  }
}
